
Microsoft Visual Studio Solution File, Format Version 12.00
# Visual Studio Version 17
VisualStudioVersion = 17.8.34511.84
MinimumVisualStudioVersion = 10.0.40219.1
Project("{FAE04EC0-301F-11D3-BF4B-00C04F79EFBC}") = "Lottery", "Lottery.csproj", "{51A28973-A4D6-47A1-BFD5-34713CC1451A}"
EndProject
Global
	GlobalSection(SolutionConfigurationPlatforms) = preSolution
		Debug|Any CPU = Debug|Any CPU
		Debug|ARM64 = Debug|ARM64
		Debug|x64 = Debug|x64
		Release|Any CPU = Release|Any CPU
		Release|ARM64 = Release|ARM64
		Release|x64 = Release|x64
	EndGlobalSection
	GlobalSection(ProjectConfigurationPlatforms) = postSolution
		{51A28973-A4D6-47A1-BFD5-34713CC1451A}.Debug|Any CPU.ActiveCfg = Debug|Any CPU
		{51A28973-A4D6-47A1-BFD5-34713CC1451A}.Debug|Any CPU.Build.0 = Debug|Any CPU
		{51A28973-A4D6-47A1-BFD5-34713CC1451A}.Debug|ARM64.ActiveCfg = Debug|ARM64
		{51A28973-A4D6-47A1-BFD5-34713CC1451A}.Debug|ARM64.Build.0 = Debug|ARM64
		{51A28973-A4D6-47A1-BFD5-34713CC1451A}.Debug|x64.ActiveCfg = Debug|x64
		{51A28973-A4D6-47A1-BFD5-34713CC1451A}.Debug|x64.Build.0 = Debug|x64
		{51A28973-A4D6-47A1-BFD5-34713CC1451A}.Release|Any CPU.ActiveCfg = Release|Any CPU
		{51A28973-A4D6-47A1-BFD5-34713CC1451A}.Release|Any CPU.Build.0 = Release|Any CPU
		{51A28973-A4D6-47A1-BFD5-34713CC1451A}.Release|ARM64.ActiveCfg = Release|ARM64
		{51A28973-A4D6-47A1-BFD5-34713CC1451A}.Release|ARM64.Build.0 = Release|ARM64
		{51A28973-A4D6-47A1-BFD5-34713CC1451A}.Release|x64.ActiveCfg = Release|x64
		{51A28973-A4D6-47A1-BFD5-34713CC1451A}.Release|x64.Build.0 = Release|x64
	EndGlobalSection
	GlobalSection(SolutionProperties) = preSolution
		HideSolutionNode = FALSE
	EndGlobalSection
	GlobalSection(ExtensibilityGlobals) = postSolution
		SolutionGuid = {7154B0CF-AD30-4ADC-B3D9-BA69CAB65F01}
	EndGlobalSection
EndGlobal
